
Microsoft Visual Studio Solution File, Format Version 12.00
# Visual Studio Version 17
VisualStudioVersion = 17.2.32630.192
MinimumVisualStudioVersion = 10.0.40219.1
Project("{FAE04EC0-301F-11D3-BF4B-00C04F79EFBC}") = "task1", "task1\task1.csproj", "{9295A6A0-04C2-4510-852D-6251D7D2CA06}"
EndProject
Project("{FAE04EC0-301F-11D3-BF4B-00C04F79EFBC}") = "task2_1", "task2_1\task2_1.csproj", "{CD642A38-2ACC-4946-A1AD-6CEA42068CCC}"
EndProject
Project("{FAE04EC0-301F-11D3-BF4B-00C04F79EFBC}") = "task2_2", "task2_2\task2_2.csproj", "{4FABF312-2382-47E5-8398-7A29C8530C85}"
EndProject
Project("{FAE04EC0-301F-11D3-BF4B-00C04F79EFBC}") = "task3", "task3\task3.csproj", "{6C268ED7-B6A8-49E2-8D4E-5DE413C50449}"
EndProject
Global
	GlobalSection(SolutionConfigurationPlatforms) = preSolution
		Debug|Any CPU = Debug|Any CPU
		Release|Any CPU = Release|Any CPU
	EndGlobalSection
	GlobalSection(ProjectConfigurationPlatforms) = postSolution
		{9295A6A0-04C2-4510-852D-6251D7D2CA06}.Debug|Any CPU.ActiveCfg = Debug|Any CPU
		{9295A6A0-04C2-4510-852D-6251D7D2CA06}.Debug|Any CPU.Build.0 = Debug|Any CPU
		{9295A6A0-04C2-4510-852D-6251D7D2CA06}.Release|Any CPU.ActiveCfg = Release|Any CPU
		{9295A6A0-04C2-4510-852D-6251D7D2CA06}.Release|Any CPU.Build.0 = Release|Any CPU
		{CD642A38-2ACC-4946-A1AD-6CEA42068CCC}.Debug|Any CPU.ActiveCfg = Debug|Any CPU
		{CD642A38-2ACC-4946-A1AD-6CEA42068CCC}.Debug|Any CPU.Build.0 = Debug|Any CPU
		{CD642A38-2ACC-4946-A1AD-6CEA42068CCC}.Release|Any CPU.ActiveCfg = Release|Any CPU
		{CD642A38-2ACC-4946-A1AD-6CEA42068CCC}.Release|Any CPU.Build.0 = Release|Any CPU
		{4FABF312-2382-47E5-8398-7A29C8530C85}.Debug|Any CPU.ActiveCfg = Debug|Any CPU
		{4FABF312-2382-47E5-8398-7A29C8530C85}.Debug|Any CPU.Build.0 = Debug|Any CPU
		{4FABF312-2382-47E5-8398-7A29C8530C85}.Release|Any CPU.ActiveCfg = Release|Any CPU
		{4FABF312-2382-47E5-8398-7A29C8530C85}.Release|Any CPU.Build.0 = Release|Any CPU
		{6C268ED7-B6A8-49E2-8D4E-5DE413C50449}.Debug|Any CPU.ActiveCfg = Debug|Any CPU
		{6C268ED7-B6A8-49E2-8D4E-5DE413C50449}.Debug|Any CPU.Build.0 = Debug|Any CPU
		{6C268ED7-B6A8-49E2-8D4E-5DE413C50449}.Release|Any CPU.ActiveCfg = Release|Any CPU
		{6C268ED7-B6A8-49E2-8D4E-5DE413C50449}.Release|Any CPU.Build.0 = Release|Any CPU
	EndGlobalSection
	GlobalSection(SolutionProperties) = preSolution
		HideSolutionNode = FALSE
	EndGlobalSection
	GlobalSection(ExtensibilityGlobals) = postSolution
		SolutionGuid = {8318979B-86E1-4151-9D08-31CD71475D71}
	EndGlobalSection
EndGlobal
